
Microsoft Visual Studio Solution File, Format Version 12.00
# Visual Studio Version 16
VisualStudioVersion = 16.0.31624.102
MinimumVisualStudioVersion = 10.0.40219.1
Project("{FAE04EC0-301F-11D3-BF4B-00C04F79EFBC}") = "test", "test\test.csproj", "{FAB1AD2B-7E0F-46E1-9089-EC05F30290D5}"
EndProject
Global
	GlobalSection(SolutionConfigurationPlatforms) = preSolution
		Debug|Any CPU = Debug|Any CPU
		Release|Any CPU = Release|Any CPU
	EndGlobalSection
	GlobalSection(ProjectConfigurationPlatforms) = postSolution
		{FAB1AD2B-7E0F-46E1-9089-EC05F30290D5}.Debug|Any CPU.ActiveCfg = Debug|Any CPU
		{FAB1AD2B-7E0F-46E1-9089-EC05F30290D5}.Debug|Any CPU.Build.0 = Debug|Any CPU
		{FAB1AD2B-7E0F-46E1-9089-EC05F30290D5}.Release|Any CPU.ActiveCfg = Release|Any CPU
		{FAB1AD2B-7E0F-46E1-9089-EC05F30290D5}.Release|Any CPU.Build.0 = Release|Any CPU
	EndGlobalSection
	GlobalSection(SolutionProperties) = preSolution
		HideSolutionNode = FALSE
	EndGlobalSection
	GlobalSection(ExtensibilityGlobals) = postSolution
		SolutionGuid = {BF8BC9E6-1D47-4828-8303-B8125C52F924}
	EndGlobalSection
EndGlobal
